{
  "name": "express",
  "version": "4.0.0",
  "dependencies": {
    "parseurl": {
      "version": "1.0.1",
      "from": "https://registry.npmjs.org/parseurl/-/parseurl-1.0.1.tgz",
      "resolved": "https://registry.npmjs.org/parseurl/-/parseurl-1.0.1.tgz"
    },
    "accepts": {
      "version": "1.0.1",
      "from": "https://registry.npmjs.org/accepts/-/accepts-1.0.1.tgz",
      "resolved": "https://registry.npmjs.org/accepts/-/accepts-1.0.1.tgz",
      "dependencies": {
        "mime": {
          "version": "1.2.11",
          "from": "mime@1.2.11"
        },
        "negotiator": {
          "version": "0.4.7",
          "from": "https://registry.npmjs.org/negotiator/-/negotiator-0.4.7.tgz",
          "resolved": "https://registry.npmjs.org/negotiator/-/negotiator-0.4.7.tgz"
        }
      }
    },
    "type-is": {
      "version": "1.1.0",
      "from": "https://registry.npmjs.org/type-is/-/type-is-1.1.0.tgz",
      "resolved": "https://registry.npmjs.org/type-is/-/type-is-1.1.0.tgz",
      "dependencies": {
        "mime": {
          "version": "1.2.11",
          "from": "mime@1.2.11"
        }
      }
    },
    "range-parser": {
      "version": "1.0.0",
      "from": "https://registry.npmjs.org/range-parser/-/range-parser-1.0.0.tgz",
      "resolved": "https://registry.npmjs.org/range-parser/-/range-parser-1.0.0.tgz"
    },
    "cookie": {
      "version": "0.1.1",
      "from": "https://registry.npmjs.org/cookie/-/cookie-0.1.1.tgz",
      "resolved": "https://registry.npmjs.org/cookie/-/cookie-0.1.1.tgz"
    },
    "buffer-crc32": {
      "version": "0.2.1",
      "from": "buffer-crc32@0.2.1"
    },
    "fresh": {
      "version": "0.2.2",
      "from": "https://registry.npmjs.org/fresh/-/fresh-0.2.2.tgz",
      "resolved": "https://registry.npmjs.org/fresh/-/fresh-0.2.2.tgz"
    },
    "methods": {
      "version": "0.1.0",
      "from": "https://registry.npmjs.org/methods/-/methods-0.1.0.tgz",
      "resolved": "https://registry.npmjs.org/methods/-/methods-0.1.0.tgz"
    },
    "send": {
      "version": "0.2.0",
      "from": "https://registry.npmjs.org/send/-/send-0.2.0.tgz",
      "resolved": "https://registry.npmjs.org/send/-/send-0.2.0.tgz",
      "dependencies": {
        "mime": {
          "version": "1.2.11",
          "from": "mime@1.2.11"
        }
      }
    },
    "cookie-signature": {
      "version": "1.0.3",
      "from": "https://registry.npmjs.org/cookie-signature/-/cookie-signature-1.0.3.tgz",
      "resolved": "https://registry.npmjs.org/cookie-signature/-/cookie-signature-1.0.3.tgz"
    },
    "merge-descriptors": {
      "version": "0.0.2",
      "from": "https://registry.npmjs.org/merge-descriptors/-/merge-descriptors-0.0.2.tgz",
      "resolved": "https://registry.npmjs.org/merge-descriptors/-/merge-descriptors-0.0.2.tgz"
    },
    "utils-merge": {
      "version": "1.0.0",
      "from": "https://registry.npmjs.org/utils-merge/-/utils-merge-1.0.0.tgz",
      "resolved": "https://registry.npmjs.org/utils-merge/-/utils-merge-1.0.0.tgz"
    },
    "escape-html": {
      "version": "1.0.1",
      "from": "https://registry.npmjs.org/escape-html/-/escape-html-1.0.1.tgz",
      "resolved": "https://registry.npmjs.org/escape-html/-/escape-html-1.0.1.tgz"
    },
    "qs": {
      "version": "0.6.6",
      "from": "https://registry.npmjs.org/qs/-/qs-0.6.6.tgz",
      "resolved": "https://registry.npmjs.org/qs/-/qs-0.6.6.tgz"
    },
    "serve-static": {
      "version": "1.0.4",
      "from": "https://registry.npmjs.org/serve-static/-/serve-static-1.0.4.tgz",
      "resolved": "https://registry.npmjs.org/serve-static/-/serve-static-1.0.4.tgz"
    },
    "path-to-regexp": {
      "version": "0.1.2",
      "from": "https://registry.npmjs.org/path-to-regexp/-/path-to-regexp-0.1.2.tgz",
      "resolved": "https://registry.npmjs.org/path-to-regexp/-/path-to-regexp-0.1.2.tgz"
    },
    "debug": {
      "version": "0.8.1",
      "from": "https://registry.npmjs.org/debug/-/debug-0.8.1.tgz",
      "resolved": "https://registry.npmjs.org/debug/-/debug-0.8.1.tgz"
    }
  }
}
